
Microsoft Visual Studio Solution File, Format Version 12.00
# Visual Studio 15
VisualStudioVersion = 15.0.27130.0
MinimumVisualStudioVersion = 10.0.40219.1
Project("{FAE04EC0-301F-11D3-BF4B-00C04F79EFBC}") = "SocketClient", "SocketClient\SocketClient.csproj", "{FF285C08-4737-43BD-B40B-B93CC427CA9A}"
EndProject
Global
	GlobalSection(SolutionConfigurationPlatforms) = preSolution
		Debug|Any CPU = Debug|Any CPU
		Release|Any CPU = Release|Any CPU
	EndGlobalSection
	GlobalSection(ProjectConfigurationPlatforms) = postSolution
		{FF285C08-4737-43BD-B40B-B93CC427CA9A}.Debug|Any CPU.ActiveCfg = Debug|Any CPU
		{FF285C08-4737-43BD-B40B-B93CC427CA9A}.Debug|Any CPU.Build.0 = Debug|Any CPU
		{FF285C08-4737-43BD-B40B-B93CC427CA9A}.Release|Any CPU.ActiveCfg = Release|Any CPU
		{FF285C08-4737-43BD-B40B-B93CC427CA9A}.Release|Any CPU.Build.0 = Release|Any CPU
	EndGlobalSection
	GlobalSection(SolutionProperties) = preSolution
		HideSolutionNode = FALSE
	EndGlobalSection
	GlobalSection(ExtensibilityGlobals) = postSolution
		SolutionGuid = {52A8A798-BDB7-47D6-B720-547D23007639}
	EndGlobalSection
EndGlobal
